# This file is automatically @generated by Cargo.
# It is not intended for manual editing.
version = 4

[[package]]
name = "airwolf"
version = "0.1.0"
dependencies = [
 "rico8",
]

[[package]]
name = "rico8"
version = "0.1.0"
source = "git+https://github.com/zeenix/rico8#419eea75fecd5221cdc2e06433033c4ef32b3d2c"
